
Microsoft Visual Studio Solution File, Format Version 12.00
# Visual Studio Version 17
VisualStudioVersion = 17.2.32519.379
MinimumVisualStudioVersion = 10.0.40219.1
Project("{FAE04EC0-301F-11D3-BF4B-00C04F79EFBC}") = "EbsSubscriber", "EbsSubscriber\EbsSubscriber.csproj", "{EC0EAF6C-BFAB-4DBB-B7CA-98BC609E2B21}"
EndProject
Global
	GlobalSection(SolutionConfigurationPlatforms) = preSolution
		Debug|Any CPU = Debug|Any CPU
		Release|Any CPU = Release|Any CPU
	EndGlobalSection
	GlobalSection(ProjectConfigurationPlatforms) = postSolution
		{EC0EAF6C-BFAB-4DBB-B7CA-98BC609E2B21}.Debug|Any CPU.ActiveCfg = Debug|Any CPU
		{EC0EAF6C-BFAB-4DBB-B7CA-98BC609E2B21}.Debug|Any CPU.Build.0 = Debug|Any CPU
		{EC0EAF6C-BFAB-4DBB-B7CA-98BC609E2B21}.Release|Any CPU.ActiveCfg = Release|Any CPU
		{EC0EAF6C-BFAB-4DBB-B7CA-98BC609E2B21}.Release|Any CPU.Build.0 = Release|Any CPU
	EndGlobalSection
	GlobalSection(SolutionProperties) = preSolution
		HideSolutionNode = FALSE
	EndGlobalSection
	GlobalSection(ExtensibilityGlobals) = postSolution
		SolutionGuid = {13A62149-49D7-4B2B-9E83-AC9C3FEF2E2F}
	EndGlobalSection
EndGlobal
