
Microsoft Visual Studio Solution File, Format Version 12.00
# Visual Studio Version 17
VisualStudioVersion = 17.2.32519.379
MinimumVisualStudioVersion = 10.0.40219.1
Project("{FAE04EC0-301F-11D3-BF4B-00C04F79EFBC}") = "EbsPublisher", "EbsPublisher\EbsPublisher.csproj", "{12DF6C81-7A56-40CE-B35E-34F241535C14}"
EndProject
Global
	GlobalSection(SolutionConfigurationPlatforms) = preSolution
		Debug|Any CPU = Debug|Any CPU
		Release|Any CPU = Release|Any CPU
	EndGlobalSection
	GlobalSection(ProjectConfigurationPlatforms) = postSolution
		{12DF6C81-7A56-40CE-B35E-34F241535C14}.Debug|Any CPU.ActiveCfg = Debug|Any CPU
		{12DF6C81-7A56-40CE-B35E-34F241535C14}.Debug|Any CPU.Build.0 = Debug|Any CPU
		{12DF6C81-7A56-40CE-B35E-34F241535C14}.Release|Any CPU.ActiveCfg = Release|Any CPU
		{12DF6C81-7A56-40CE-B35E-34F241535C14}.Release|Any CPU.Build.0 = Release|Any CPU
	EndGlobalSection
	GlobalSection(SolutionProperties) = preSolution
		HideSolutionNode = FALSE
	EndGlobalSection
	GlobalSection(ExtensibilityGlobals) = postSolution
		SolutionGuid = {FA9AAA38-708C-434E-B6CD-42BD3ADA2CD0}
	EndGlobalSection
EndGlobal
